<?xml version="1.0" encoding="utf-8"?>
<Project ToolsVersion="4.0" xmlns="http://schemas.microsoft.com/developer/msbuild/2003">
  <ItemGroup>
    <Filter Include="소스 파일">
      <UniqueIdentifier>{4FC737F1-C7A5-4376-A066-2A32D752A2FF}</UniqueIdentifier>
      <Extensions>cpp;c;cc;cxx;c++;cppm;ixx;def;odl;idl;hpj;bat;asm;asmx</Extensions>
    </Filter>
    <Filter Include="헤더 파일">
      <UniqueIdentifier>{93995380-89BD-4b04-88EB-625FBE52EBFB}</UniqueIdentifier>
      <Extensions>h;hh;hpp;hxx;h++;hm;inl;inc;ipp;xsd</Extensions>
    </Filter>
    <Filter Include="소스 파일\Collosion">
      <UniqueIdentifier>{068c7043-5b49-41f1-a697-8795ccfc9bcf}</UniqueIdentifier>
    </Filter>
    <Filter Include="소스 파일\Vector2D">
      <UniqueIdentifier>{d0f181f5-89ec-4a29-978c-ddb3a77a290f}</UniqueIdentifier>
    </Filter>
    <Filter Include="소스 파일\Object">
      <UniqueIdentifier>{e24ce144-1869-423a-9458-56383f607044}</UniqueIdentifier>
    </Filter>
    <Filter Include="소스 파일\Matrix">
      <UniqueIdentifier>{cd5a970f-2534-4cb1-9c63-45aa8ba28da9}</UniqueIdentifier>
    </Filter>
    <Filter Include="소스 파일\Object\Mob">
      <UniqueIdentifier>{8b51fb2e-0bd6-458a-a076-512d22cec095}</UniqueIdentifier>
    </Filter>
  </ItemGroup>
  <ItemGroup>
    <ClCompile Include="main.c">
      <Filter>소스 파일</Filter>
    </ClCompile>
    <ClCompile Include="AABB_OBB.c">
      <Filter>소스 파일\Collosion</Filter>
    </ClCompile>
    <ClCompile Include="LineSegment.c">
      <Filter>소스 파일\Collosion</Filter>
    </ClCompile>
    <ClCompile Include="Rotation.c">
      <Filter>소스 파일\Vector2D</Filter>
    </ClCompile>
    <ClCompile Include="Vector3D.c">
      <Filter>소스 파일\Vector2D</Filter>
    </ClCompile>
    <ClCompile Include="Bullet.c">
      <Filter>소스 파일\Object</Filter>
    </ClCompile>
    <ClCompile Include="Vector2D.c">
      <Filter>소스 파일\Vector2D</Filter>
    </ClCompile>
    <ClCompile Include="Matrix2x2.c">
      <Filter>소스 파일\Matrix</Filter>
    </ClCompile>
    <ClCompile Include="Matrix3x3.c">
      <Filter>소스 파일\Matrix</Filter>
    </ClCompile>
    <ClCompile Include="Rander.c">
      <Filter>소스 파일</Filter>
    </ClCompile>
    <ClCompile Include="Mob.c">
      <Filter>소스 파일\Object\Mob</Filter>
    </ClCompile>
    <ClCompile Include="ObjectManager.c">
      <Filter>소스 파일\Object</Filter>
    </ClCompile>
    <ClCompile Include="CollisionCheckManager.c">
      <Filter>소스 파일\Collosion</Filter>
    </ClCompile>
  </ItemGroup>
  <ItemGroup>
    <ClInclude Include="game_Define.h">
      <Filter>헤더 파일</Filter>
    </ClInclude>
    <ClInclude Include="AABB_OBB.h">
      <Filter>소스 파일\Collosion</Filter>
    </ClInclude>
    <ClInclude Include="LineSegment.h">
      <Filter>소스 파일\Collosion</Filter>
    </ClInclude>
    <ClInclude Include="Rotation.h">
      <Filter>소스 파일\Vector2D</Filter>
    </ClInclude>
    <ClInclude Include="Vector3D.h">
      <Filter>소스 파일\Vector2D</Filter>
    </ClInclude>
    <ClInclude Include="Bullet.h">
      <Filter>소스 파일\Object</Filter>
    </ClInclude>
    <ClInclude Include="Player.h">
      <Filter>소스 파일\Object</Filter>
    </ClInclude>
    <ClInclude Include="Circle.h">
      <Filter>소스 파일\Object</Filter>
    </ClInclude>
    <ClInclude Include="Vector2D.h">
      <Filter>소스 파일\Vector2D</Filter>
    </ClInclude>
    <ClInclude Include="Matrix2x2.h">
      <Filter>소스 파일\Matrix</Filter>
    </ClInclude>
    <ClInclude Include="Matrix3x3.h">
      <Filter>소스 파일\Matrix</Filter>
    </ClInclude>
    <ClInclude Include="Rander.h">
      <Filter>소스 파일</Filter>
    </ClInclude>
    <ClInclude Include="Mob.h">
      <Filter>소스 파일\Object\Mob</Filter>
    </ClInclude>
    <ClInclude Include="ObjectManager.h">
      <Filter>소스 파일\Object</Filter>
    </ClInclude>
    <ClInclude Include="CollisionCheckManager.h">
      <Filter>소스 파일\Collosion</Filter>
    </ClInclude>
  </ItemGroup>
</Project>